
Microsoft Visual Studio Solution File, Format Version 12.00
# Visual Studio Version 17
VisualStudioVersion = 17.14.36310.24 d17.14
MinimumVisualStudioVersion = 10.0.40219.1
Project("{FAE04EC0-301F-11D3-BF4B-00C04F79EFBC}") = "AgentManagementSystem.Exceptions", "AgentManagementSystem.Exceptions\AgentManagementSystem.Exceptions.csproj", "{1B2A18E0-F36E-4916-B08A-F71FEA6417F4}"
EndProject
Global
	GlobalSection(SolutionConfigurationPlatforms) = preSolution
		Debug|Any CPU = Debug|Any CPU
		Release|Any CPU = Release|Any CPU
	EndGlobalSection
	GlobalSection(ProjectConfigurationPlatforms) = postSolution
		{1B2A18E0-F36E-4916-B08A-F71FEA6417F4}.Debug|Any CPU.ActiveCfg = Debug|Any CPU
		{1B2A18E0-F36E-4916-B08A-F71FEA6417F4}.Debug|Any CPU.Build.0 = Debug|Any CPU
		{1B2A18E0-F36E-4916-B08A-F71FEA6417F4}.Release|Any CPU.ActiveCfg = Release|Any CPU
		{1B2A18E0-F36E-4916-B08A-F71FEA6417F4}.Release|Any CPU.Build.0 = Release|Any CPU
	EndGlobalSection
	GlobalSection(SolutionProperties) = preSolution
		HideSolutionNode = FALSE
	EndGlobalSection
	GlobalSection(ExtensibilityGlobals) = postSolution
		SolutionGuid = {684302DE-EE7E-4E0A-BF2B-F50491B51043}
	EndGlobalSection
EndGlobal
