
Microsoft Visual Studio Solution File, Format Version 12.00
# Visual Studio Version 17
VisualStudioVersion = 17.14.36310.24 d17.14
MinimumVisualStudioVersion = 10.0.40219.1
Project("{FAE04EC0-301F-11D3-BF4B-00C04F79EFBC}") = "EmployProject.MainOne", "EmployProject.MainOne\EmployProject.MainOne.csproj", "{EC9EF639-4C1A-4161-8D0A-DC53219BA33C}"
EndProject
Global
	GlobalSection(SolutionConfigurationPlatforms) = preSolution
		Debug|Any CPU = Debug|Any CPU
		Release|Any CPU = Release|Any CPU
	EndGlobalSection
	GlobalSection(ProjectConfigurationPlatforms) = postSolution
		{EC9EF639-4C1A-4161-8D0A-DC53219BA33C}.Debug|Any CPU.ActiveCfg = Debug|Any CPU
		{EC9EF639-4C1A-4161-8D0A-DC53219BA33C}.Debug|Any CPU.Build.0 = Debug|Any CPU
		{EC9EF639-4C1A-4161-8D0A-DC53219BA33C}.Release|Any CPU.ActiveCfg = Release|Any CPU
		{EC9EF639-4C1A-4161-8D0A-DC53219BA33C}.Release|Any CPU.Build.0 = Release|Any CPU
	EndGlobalSection
	GlobalSection(SolutionProperties) = preSolution
		HideSolutionNode = FALSE
	EndGlobalSection
	GlobalSection(ExtensibilityGlobals) = postSolution
		SolutionGuid = {A3CE578F-53B3-412E-9DD6-59FE14140A24}
	EndGlobalSection
EndGlobal
