
Microsoft Visual Studio Solution File, Format Version 12.00
# Visual Studio Version 17
VisualStudioVersion = 17.14.36310.24 d17.14
MinimumVisualStudioVersion = 10.0.40219.1
Project("{FAE04EC0-301F-11D3-BF4B-00C04F79EFBC}") = "AgentManagementSystem.Models", "AgentManagementSystem.Models\AgentManagementSystem.Models.csproj", "{B633E009-E5FB-440C-A2DD-077243F11C13}"
EndProject
Global
	GlobalSection(SolutionConfigurationPlatforms) = preSolution
		Debug|Any CPU = Debug|Any CPU
		Release|Any CPU = Release|Any CPU
	EndGlobalSection
	GlobalSection(ProjectConfigurationPlatforms) = postSolution
		{B633E009-E5FB-440C-A2DD-077243F11C13}.Debug|Any CPU.ActiveCfg = Debug|Any CPU
		{B633E009-E5FB-440C-A2DD-077243F11C13}.Debug|Any CPU.Build.0 = Debug|Any CPU
		{B633E009-E5FB-440C-A2DD-077243F11C13}.Release|Any CPU.ActiveCfg = Release|Any CPU
		{B633E009-E5FB-440C-A2DD-077243F11C13}.Release|Any CPU.Build.0 = Release|Any CPU
	EndGlobalSection
	GlobalSection(SolutionProperties) = preSolution
		HideSolutionNode = FALSE
	EndGlobalSection
	GlobalSection(ExtensibilityGlobals) = postSolution
		SolutionGuid = {1737078F-C623-4A24-8D6C-36E7A31ECF67}
	EndGlobalSection
EndGlobal
