
Microsoft Visual Studio Solution File, Format Version 12.00
# Visual Studio Version 17
VisualStudioVersion = 17.14.36310.24 d17.14
MinimumVisualStudioVersion = 10.0.40219.1
Project("{FAE04EC0-301F-11D3-BF4B-00C04F79EFBC}") = "AgentManagementSystem", "AgentManagementSystem\AgentManagementSystem.csproj", "{441CFFCF-C2F4-4391-9704-8049ABED50FD}"
EndProject
Global
	GlobalSection(SolutionConfigurationPlatforms) = preSolution
		Debug|Any CPU = Debug|Any CPU
		Release|Any CPU = Release|Any CPU
	EndGlobalSection
	GlobalSection(ProjectConfigurationPlatforms) = postSolution
		{441CFFCF-C2F4-4391-9704-8049ABED50FD}.Debug|Any CPU.ActiveCfg = Debug|Any CPU
		{441CFFCF-C2F4-4391-9704-8049ABED50FD}.Debug|Any CPU.Build.0 = Debug|Any CPU
		{441CFFCF-C2F4-4391-9704-8049ABED50FD}.Release|Any CPU.ActiveCfg = Release|Any CPU
		{441CFFCF-C2F4-4391-9704-8049ABED50FD}.Release|Any CPU.Build.0 = Release|Any CPU
	EndGlobalSection
	GlobalSection(SolutionProperties) = preSolution
		HideSolutionNode = FALSE
	EndGlobalSection
	GlobalSection(ExtensibilityGlobals) = postSolution
		SolutionGuid = {389DA625-CFB4-4E6A-B3A4-48E2180CCB33}
	EndGlobalSection
EndGlobal
